{
  "name": "footer",
  "version": "1.0.0",
  "lockfileVersion": 1,
  "requires": true,
  "dependencies": {
    "carbon-components": {
      "version": "10.1.0",
      "resolved": "https://registry.npmjs.org/carbon-components/-/carbon-components-10.1.0.tgz",
      "integrity": "sha512-CdybWT+lDhDnY4fp7HDacmL8X3i/9LD12WKK/AlmIZeoCAmqa0fo9GwRz1o8gQdQYOF/5LAjrdqOlKXkAOrGDQ==",
      "requires": {
        "carbon-icons": "^7.0.7",
        "flatpickr": "4.5.7",
        "lodash.debounce": "^4.0.8",
        "warning": "^3.0.0"
      }
    },
    "carbon-icons": {
      "version": "7.0.7",
      "resolved": "https://registry.npmjs.org/carbon-icons/-/carbon-icons-7.0.7.tgz",
      "integrity": "sha512-3vgkdXJRgCViCrH3fLUdyAXo0I8wmohO6QETv7vWFx6yc7s+SirWFBSFL38zUx4MHtR8iTxIlLEzkeU6FlFtXg=="
    },
    "flatpickr": {
      "version": "4.5.7",
      "resolved": "https://registry.npmjs.org/flatpickr/-/flatpickr-4.5.7.tgz",
      "integrity": "sha512-JqPfihUc9A/j9QAsh6otoARmMyUauPE17vRBEG+ThJwbl8zAq4ssGpxlPK3wWM/i8EFxkHg9UuVo0ds7XluKxw=="
    },
    "js-tokens": {
      "version": "4.0.0",
      "resolved": "https://registry.npmjs.org/js-tokens/-/js-tokens-4.0.0.tgz",
      "integrity": "sha512-RdJUflcE3cUzKiMqQgsCu06FPu9UdIJO0beYbPhHN4k6apgJtifcoCtT9bcxOpYBtpD2kCM6Sbzg4CausW/PKQ=="
    },
    "lodash.debounce": {
      "version": "4.0.8",
      "resolved": "https://registry.npmjs.org/lodash.debounce/-/lodash.debounce-4.0.8.tgz",
      "integrity": "sha1-gteb/zCmfEAF/9XiUVMArZyk168="
    },
    "loose-envify": {
      "version": "1.4.0",
      "resolved": "https://registry.npmjs.org/loose-envify/-/loose-envify-1.4.0.tgz",
      "integrity": "sha512-lyuxPGr/Wfhrlem2CL/UcnUc1zcqKAImBDzukY7Y5F/yQiNdko6+fRLevlw1HgMySw7f611UIY408EtxRSoK3Q==",
      "requires": {
        "js-tokens": "^3.0.0 || ^4.0.0"
      }
    },
    "warning": {
      "version": "3.0.0",
      "resolved": "https://registry.npmjs.org/warning/-/warning-3.0.0.tgz",
      "integrity": "sha1-MuU3fLVy3kqwR1O9+IIcAe1gW3w=",
      "requires": {
        "loose-envify": "^1.0.0"
      }
    }
  }
}
